{
    "_readme": [
        "This file locks the dependencies of your project to a known state",
        "Read more about it at https://getcomposer.org/doc/01-basic-usage.md#installing-dependencies",
        "This file is @generated automatically"
    ],
    "content-hash": "0dfef2b88989b1e5f94cd305ea6cab8b",
    "packages": [
        {
            "name": "mck89/peast",
            "version": "v1.12.0",
            "source": {
                "type": "git",
                "url": "https://github.com/mck89/peast.git",
                "reference": "833be7a294627a8c5b1c482cbf489f73bf9b8086"
            },
            "dist": {
                "type": "zip",
                "url": "https://api.github.com/repos/mck89/peast/zipball/833be7a294627a8c5b1c482cbf489f73bf9b8086",
                "reference": "833be7a294627a8c5b1c482cbf489f73bf9b8086",
                "shasum": ""
            },
            "require": {
                "php": ">=5.4.0"
            },
            "require-dev": {
                "phpunit/phpunit": "^4.0 || ^5.0 || ^6.0 || ^7.0 || ^8.0 || ^9.0"
            },
            "type": "library",
            "extra": {
                "branch-alias": {
                    "dev-master": "1.12.0-dev"
                }
            },
            "autoload": {
                "psr-4": {
                    "Peast\\": "lib/Peast/",
                    "Peast\\test\\": "test/Peast/"
                }
            },
            "notification-url": "https://packagist.org/downloads/",
            "license": [
                "MIT"
            ],
            "authors": [
                {
                    "name": "Marco Marchiò",
                    "email": "marco.mm89@gmail.com"
                }
            ],
            "description": "Peast is PHP library that generates AST for JavaScript code",
            "support": {
                "issues": "https://github.com/mck89/peast/issues",
                "source": "https://github.com/mck89/peast/tree/v1.12.0"
            },
            "time": "2021-01-08T15:16:19+00:00"
        }
    ],
    "packages-dev": [],
    "aliases": [],
    "minimum-stability": "stable",
    "stability-flags": [],
    "prefer-stable": false,
    "prefer-lowest": false,
    "platform": [],
    "platform-dev": [],
    "plugin-api-version": "2.0.0"
}
